
Microsoft Visual Studio Solution File, Format Version 12.00
# Visual Studio Version 17
VisualStudioVersion = 17.11.35222.181
MinimumVisualStudioVersion = 10.0.40219.1
Project("{FAE04EC0-301F-11D3-BF4B-00C04F79EFBC}") = "ejer.1", "ejer.1\ejer.1.csproj", "{EB04527A-16C2-4D8C-B3F0-4FA9AD3862F7}"
EndProject
Global
	GlobalSection(SolutionConfigurationPlatforms) = preSolution
		Debug|Any CPU = Debug|Any CPU
		Release|Any CPU = Release|Any CPU
	EndGlobalSection
	GlobalSection(ProjectConfigurationPlatforms) = postSolution
		{EB04527A-16C2-4D8C-B3F0-4FA9AD3862F7}.Debug|Any CPU.ActiveCfg = Debug|Any CPU
		{EB04527A-16C2-4D8C-B3F0-4FA9AD3862F7}.Debug|Any CPU.Build.0 = Debug|Any CPU
		{EB04527A-16C2-4D8C-B3F0-4FA9AD3862F7}.Release|Any CPU.ActiveCfg = Release|Any CPU
		{EB04527A-16C2-4D8C-B3F0-4FA9AD3862F7}.Release|Any CPU.Build.0 = Release|Any CPU
	EndGlobalSection
	GlobalSection(SolutionProperties) = preSolution
		HideSolutionNode = FALSE
	EndGlobalSection
	GlobalSection(ExtensibilityGlobals) = postSolution
		SolutionGuid = {9FB08939-5943-447E-9CFB-8429322571D1}
	EndGlobalSection
EndGlobal
